
Microsoft Visual Studio Solution File, Format Version 11.00
# Visual Studio 2010
Project("{8BC9CEB8-8B4A-11D0-8D11-00A0C91BC942}") = "bilateralTest", "bilateralTest\bilateralTest.vcxproj", "{34EA9848-5102-468D-9748-331BBBB2A662}"
EndProject
Global
	GlobalSection(SolutionConfigurationPlatforms) = preSolution
		Debug|Win32 = Debug|Win32
		Release|Win32 = Release|Win32
	EndGlobalSection
	GlobalSection(ProjectConfigurationPlatforms) = postSolution
		{34EA9848-5102-468D-9748-331BBBB2A662}.Debug|Win32.ActiveCfg = Debug|Win32
		{34EA9848-5102-468D-9748-331BBBB2A662}.Debug|Win32.Build.0 = Debug|Win32
		{34EA9848-5102-468D-9748-331BBBB2A662}.Release|Win32.ActiveCfg = Release|Win32
		{34EA9848-5102-468D-9748-331BBBB2A662}.Release|Win32.Build.0 = Release|Win32
	EndGlobalSection
	GlobalSection(SolutionProperties) = preSolution
		HideSolutionNode = FALSE
	EndGlobalSection
EndGlobal
