<?xml version="1.0" encoding="utf-8"?>
<Project ToolsVersion="4.0" xmlns="http://schemas.microsoft.com/developer/msbuild/2003">
  <ItemGroup>
    <Filter Include="ヘッダー ファイル">
      <UniqueIdentifier>{93995380-89BD-4b04-88EB-625FBE52EBFB}</UniqueIdentifier>
      <Extensions>h;hpp;hxx;hm;inl;inc;xsd</Extensions>
    </Filter>
    <Filter Include="リソース ファイル">
      <UniqueIdentifier>{67DA6AB6-F800-4c08-8B7A-83BB121AAD01}</UniqueIdentifier>
      <Extensions>rc;ico;cur;bmp;dlg;rc2;rct;bin;rgs;gif;jpg;jpeg;jpe;resx;tiff;tif;png;wav;mfcribbon-ms</Extensions>
    </Filter>
    <Filter Include="ソース ファイル">
      <UniqueIdentifier>{4FC737F1-C7A5-4376-A066-2A32D752A2FF}</UniqueIdentifier>
      <Extensions>cpp;c;cc;cxx;def;odl;idl;hpj;bat;asm;asmx</Extensions>
    </Filter>
    <Filter Include="ソース ファイル\filter">
      <UniqueIdentifier>{a4da710d-66bf-4b9a-a0aa-6de4be77b36d}</UniqueIdentifier>
    </Filter>
    <Filter Include="ソース ファイル\filter\bilateral">
      <UniqueIdentifier>{2396ecca-8ad4-44e0-a42a-2b3432e677ae}</UniqueIdentifier>
    </Filter>
    <Filter Include="ソース ファイル\util">
      <UniqueIdentifier>{c24071bf-7f5a-4071-bf9a-ecc18a5d9d0a}</UniqueIdentifier>
    </Filter>
  </ItemGroup>
  <ItemGroup>
    <ClCompile Include="main.cpp">
      <Filter>ソース ファイル</Filter>
    </ClCompile>
    <ClCompile Include="guidedFilter.cpp">
      <Filter>ソース ファイル\filter</Filter>
    </ClCompile>
    <ClCompile Include="minmaxFilter.cpp">
      <Filter>ソース ファイル\filter</Filter>
    </ClCompile>
    <ClCompile Include="bilateralFilter.cpp">
      <Filter>ソース ファイル\filter\bilateral</Filter>
    </ClCompile>
    <ClCompile Include="jointBilateralFilter.cpp">
      <Filter>ソース ファイル\filter\bilateral</Filter>
    </ClCompile>
    <ClCompile Include="trilateralFilter.cpp">
      <Filter>ソース ファイル\filter\bilateral</Filter>
    </ClCompile>
    <ClCompile Include="jointNearest.cpp">
      <Filter>ソース ファイル\filter</Filter>
    </ClCompile>
    <ClCompile Include="depthFilter.cpp">
      <Filter>ソース ファイル\filter</Filter>
    </ClCompile>
    <ClCompile Include="alphaBlend.cpp">
      <Filter>ソース ファイル\util</Filter>
    </ClCompile>
    <ClCompile Include="depthEval.cpp">
      <Filter>ソース ファイル\util</Filter>
    </ClCompile>
    <ClCompile Include="split.cpp">
      <Filter>ソース ファイル\filter</Filter>
    </ClCompile>
    <ClCompile Include="util.cpp">
      <Filter>ソース ファイル\util</Filter>
    </ClCompile>
    <ClCompile Include="viewSynthesis.cpp">
      <Filter>ソース ファイル\util</Filter>
    </ClCompile>
  </ItemGroup>
  <ItemGroup>
    <ClInclude Include="util.h">
      <Filter>ヘッダー ファイル</Filter>
    </ClInclude>
    <ClInclude Include="viewSynthesis.h">
      <Filter>ヘッダー ファイル</Filter>
    </ClInclude>
    <ClInclude Include="filter.h">
      <Filter>ヘッダー ファイル</Filter>
    </ClInclude>
  </ItemGroup>
</Project>